
Microsoft Visual Studio Solution File, Format Version 12.00
# Visual Studio Version 16
VisualStudioVersion = 16.0.29403.142
MinimumVisualStudioVersion = 10.0.40219.1
Project("{9A19103F-16F7-4668-BE54-9A1E7A4F7556}") = "ConverterParameter.Example", "ConverterParameter.Example\ConverterParameter.Example.csproj", "{A4CC4FF3-AE72-4AB1-A978-76B9B2CB01CC}"
EndProject
Project("{FAE04EC0-301F-11D3-BF4B-00C04F79EFBC}") = "ScrollView.OnMeasure.Android", "ScrollView.OnMeasure\ScrollView.OnMeasure.Android\ScrollView.OnMeasure.Android.csproj", "{F3A7D601-775E-43C2-8547-235A88EFC9F2}"
EndProject
Project("{FAE04EC0-301F-11D3-BF4B-00C04F79EFBC}") = "ScrollView.OnMeasure.iOS", "ScrollView.OnMeasure\ScrollView.OnMeasure.iOS\ScrollView.OnMeasure.iOS.csproj", "{341BF686-FF27-4421-B1FB-7DACFC2542B6}"
EndProject
Project("{9A19103F-16F7-4668-BE54-9A1E7A4F7556}") = "ScrollView.OnMeasure", "ScrollView.OnMeasure\ScrollView.OnMeasure\ScrollView.OnMeasure.csproj", "{742642F2-30D0-405D-977B-397AD325DCC7}"
EndProject
Project("{2150E333-8FDC-42A3-9474-1A3956D46DE8}") = "FrameIssues", "FrameIssues", "{36BCB6C6-AF67-4304-8B76-2FD88C1D39F6}"
EndProject
Project("{FAE04EC0-301F-11D3-BF4B-00C04F79EFBC}") = "FrameCornerRadius.Android", "FrameCornerRadius\FrameCornerRadius.Android\FrameCornerRadius.Android.csproj", "{F80BBAFC-38B2-4AA2-BDDB-AD8E03B67B13}"
EndProject
Project("{FAE04EC0-301F-11D3-BF4B-00C04F79EFBC}") = "FrameCornerRadius.iOS", "FrameCornerRadius\FrameCornerRadius.iOS\FrameCornerRadius.iOS.csproj", "{002FDD23-F615-43DC-B67F-6D7224E9249E}"
EndProject
Project("{9A19103F-16F7-4668-BE54-9A1E7A4F7556}") = "FrameCornerRadius", "FrameCornerRadius\FrameCornerRadius\FrameCornerRadius.csproj", "{16F0CE0E-F7A2-4856-A6A1-AC22F492C42D}"
EndProject
Project("{2150E333-8FDC-42A3-9474-1A3956D46DE8}") = "RefreshViewSharedBindingContext", "RefreshViewSharedBindingContext", "{74FC649B-9D37-4312-A045-67B9769C7ECB}"
EndProject
Project("{2150E333-8FDC-42A3-9474-1A3956D46DE8}") = "CarouselViewObsCollection", "CarouselViewObsCollection", "{A5AD2196-CDB2-4380-A4A6-5A19B602D63C}"
EndProject
Project("{9A19103F-16F7-4668-BE54-9A1E7A4F7556}") = "CarouselViewObsCollection", "CarouselViewObservableCollection\CarouselViewObsCollection\CarouselViewObsCollection.csproj", "{F46521B1-5EE1-4E24-9BF8-2C160CC092E0}"
EndProject
Project("{FAE04EC0-301F-11D3-BF4B-00C04F79EFBC}") = "CarouselViewObsCollection.Android", "CarouselViewObservableCollection\CarouselViewObsCollection.Android\CarouselViewObsCollection.Android.csproj", "{D2FB0BBE-50BF-4885-BBF5-3A5BB199E532}"
EndProject
Project("{FAE04EC0-301F-11D3-BF4B-00C04F79EFBC}") = "CarouselViewObsCollection.iOS", "CarouselViewObservableCollection\CarouselViewObsCollection.iOS\CarouselViewObsCollection.iOS.csproj", "{28256A7A-31F9-43FF-8AB2-6E2417DB2E60}"
EndProject
Project("{FAE04EC0-301F-11D3-BF4B-00C04F79EFBC}") = "ShapesInListWithFrame.Android", "ShapesInListWithFrame\ShapesInListWithFrame.Android\ShapesInListWithFrame.Android.csproj", "{94440434-61C4-4348-AC47-4487B8420AB2}"
EndProject
Project("{FAE04EC0-301F-11D3-BF4B-00C04F79EFBC}") = "ShapesInListWithFrame.iOS", "ShapesInListWithFrame\ShapesInListWithFrame.iOS\ShapesInListWithFrame.iOS.csproj", "{65A3DD62-EC5D-443C-A5DA-36C2D7E50B02}"
EndProject
Project("{FAE04EC0-301F-11D3-BF4B-00C04F79EFBC}") = "ShapesInListWithFrame", "ShapesInListWithFrame\ShapesInListWithFrame\ShapesInListWithFrame.csproj", "{DE8A584F-C66F-44CB-B53C-34D1F616769E}"
EndProject
Global
	GlobalSection(SolutionConfigurationPlatforms) = preSolution
		Debug|Any CPU = Debug|Any CPU
		Debug|iPhone = Debug|iPhone
		Debug|iPhoneSimulator = Debug|iPhoneSimulator
		Release|Any CPU = Release|Any CPU
		Release|iPhone = Release|iPhone
		Release|iPhoneSimulator = Release|iPhoneSimulator
	EndGlobalSection
	GlobalSection(ProjectConfigurationPlatforms) = postSolution
		{A4CC4FF3-AE72-4AB1-A978-76B9B2CB01CC}.Debug|Any CPU.ActiveCfg = Debug|Any CPU
		{A4CC4FF3-AE72-4AB1-A978-76B9B2CB01CC}.Debug|Any CPU.Build.0 = Debug|Any CPU
		{A4CC4FF3-AE72-4AB1-A978-76B9B2CB01CC}.Debug|iPhone.ActiveCfg = Debug|Any CPU
		{A4CC4FF3-AE72-4AB1-A978-76B9B2CB01CC}.Debug|iPhone.Build.0 = Debug|Any CPU
		{A4CC4FF3-AE72-4AB1-A978-76B9B2CB01CC}.Debug|iPhoneSimulator.ActiveCfg = Debug|Any CPU
		{A4CC4FF3-AE72-4AB1-A978-76B9B2CB01CC}.Debug|iPhoneSimulator.Build.0 = Debug|Any CPU
		{A4CC4FF3-AE72-4AB1-A978-76B9B2CB01CC}.Release|Any CPU.ActiveCfg = Release|Any CPU
		{A4CC4FF3-AE72-4AB1-A978-76B9B2CB01CC}.Release|Any CPU.Build.0 = Release|Any CPU
		{A4CC4FF3-AE72-4AB1-A978-76B9B2CB01CC}.Release|iPhone.ActiveCfg = Release|Any CPU
		{A4CC4FF3-AE72-4AB1-A978-76B9B2CB01CC}.Release|iPhone.Build.0 = Release|Any CPU
		{A4CC4FF3-AE72-4AB1-A978-76B9B2CB01CC}.Release|iPhoneSimulator.ActiveCfg = Release|Any CPU
		{A4CC4FF3-AE72-4AB1-A978-76B9B2CB01CC}.Release|iPhoneSimulator.Build.0 = Release|Any CPU
		{F3A7D601-775E-43C2-8547-235A88EFC9F2}.Debug|Any CPU.ActiveCfg = Debug|Any CPU
		{F3A7D601-775E-43C2-8547-235A88EFC9F2}.Debug|Any CPU.Build.0 = Debug|Any CPU
		{F3A7D601-775E-43C2-8547-235A88EFC9F2}.Debug|Any CPU.Deploy.0 = Debug|Any CPU
		{F3A7D601-775E-43C2-8547-235A88EFC9F2}.Debug|iPhone.ActiveCfg = Debug|Any CPU
		{F3A7D601-775E-43C2-8547-235A88EFC9F2}.Debug|iPhone.Build.0 = Debug|Any CPU
		{F3A7D601-775E-43C2-8547-235A88EFC9F2}.Debug|iPhone.Deploy.0 = Debug|Any CPU
		{F3A7D601-775E-43C2-8547-235A88EFC9F2}.Debug|iPhoneSimulator.ActiveCfg = Debug|Any CPU
		{F3A7D601-775E-43C2-8547-235A88EFC9F2}.Debug|iPhoneSimulator.Build.0 = Debug|Any CPU
		{F3A7D601-775E-43C2-8547-235A88EFC9F2}.Debug|iPhoneSimulator.Deploy.0 = Debug|Any CPU
		{F3A7D601-775E-43C2-8547-235A88EFC9F2}.Release|Any CPU.ActiveCfg = Release|Any CPU
		{F3A7D601-775E-43C2-8547-235A88EFC9F2}.Release|Any CPU.Build.0 = Release|Any CPU
		{F3A7D601-775E-43C2-8547-235A88EFC9F2}.Release|Any CPU.Deploy.0 = Release|Any CPU
		{F3A7D601-775E-43C2-8547-235A88EFC9F2}.Release|iPhone.ActiveCfg = Release|Any CPU
		{F3A7D601-775E-43C2-8547-235A88EFC9F2}.Release|iPhone.Build.0 = Release|Any CPU
		{F3A7D601-775E-43C2-8547-235A88EFC9F2}.Release|iPhone.Deploy.0 = Release|Any CPU
		{F3A7D601-775E-43C2-8547-235A88EFC9F2}.Release|iPhoneSimulator.ActiveCfg = Release|Any CPU
		{F3A7D601-775E-43C2-8547-235A88EFC9F2}.Release|iPhoneSimulator.Build.0 = Release|Any CPU
		{F3A7D601-775E-43C2-8547-235A88EFC9F2}.Release|iPhoneSimulator.Deploy.0 = Release|Any CPU
		{341BF686-FF27-4421-B1FB-7DACFC2542B6}.Debug|Any CPU.ActiveCfg = Debug|iPhone
		{341BF686-FF27-4421-B1FB-7DACFC2542B6}.Debug|iPhone.ActiveCfg = Debug|iPhone
		{341BF686-FF27-4421-B1FB-7DACFC2542B6}.Debug|iPhone.Build.0 = Debug|iPhone
		{341BF686-FF27-4421-B1FB-7DACFC2542B6}.Debug|iPhoneSimulator.ActiveCfg = Debug|iPhoneSimulator
		{341BF686-FF27-4421-B1FB-7DACFC2542B6}.Debug|iPhoneSimulator.Build.0 = Debug|iPhoneSimulator
		{341BF686-FF27-4421-B1FB-7DACFC2542B6}.Release|Any CPU.ActiveCfg = Release|iPhone
		{341BF686-FF27-4421-B1FB-7DACFC2542B6}.Release|iPhone.ActiveCfg = Release|iPhone
		{341BF686-FF27-4421-B1FB-7DACFC2542B6}.Release|iPhone.Build.0 = Release|iPhone
		{341BF686-FF27-4421-B1FB-7DACFC2542B6}.Release|iPhoneSimulator.ActiveCfg = Release|iPhoneSimulator
		{341BF686-FF27-4421-B1FB-7DACFC2542B6}.Release|iPhoneSimulator.Build.0 = Release|iPhoneSimulator
		{742642F2-30D0-405D-977B-397AD325DCC7}.Debug|Any CPU.ActiveCfg = Debug|Any CPU
		{742642F2-30D0-405D-977B-397AD325DCC7}.Debug|Any CPU.Build.0 = Debug|Any CPU
		{742642F2-30D0-405D-977B-397AD325DCC7}.Debug|iPhone.ActiveCfg = Debug|Any CPU
		{742642F2-30D0-405D-977B-397AD325DCC7}.Debug|iPhone.Build.0 = Debug|Any CPU
		{742642F2-30D0-405D-977B-397AD325DCC7}.Debug|iPhoneSimulator.ActiveCfg = Debug|Any CPU
		{742642F2-30D0-405D-977B-397AD325DCC7}.Debug|iPhoneSimulator.Build.0 = Debug|Any CPU
		{742642F2-30D0-405D-977B-397AD325DCC7}.Release|Any CPU.ActiveCfg = Release|Any CPU
		{742642F2-30D0-405D-977B-397AD325DCC7}.Release|Any CPU.Build.0 = Release|Any CPU
		{742642F2-30D0-405D-977B-397AD325DCC7}.Release|iPhone.ActiveCfg = Release|Any CPU
		{742642F2-30D0-405D-977B-397AD325DCC7}.Release|iPhone.Build.0 = Release|Any CPU
		{742642F2-30D0-405D-977B-397AD325DCC7}.Release|iPhoneSimulator.ActiveCfg = Release|Any CPU
		{742642F2-30D0-405D-977B-397AD325DCC7}.Release|iPhoneSimulator.Build.0 = Release|Any CPU
		{F80BBAFC-38B2-4AA2-BDDB-AD8E03B67B13}.Debug|Any CPU.ActiveCfg = Debug|Any CPU
		{F80BBAFC-38B2-4AA2-BDDB-AD8E03B67B13}.Debug|Any CPU.Build.0 = Debug|Any CPU
		{F80BBAFC-38B2-4AA2-BDDB-AD8E03B67B13}.Debug|Any CPU.Deploy.0 = Debug|Any CPU
		{F80BBAFC-38B2-4AA2-BDDB-AD8E03B67B13}.Debug|iPhone.ActiveCfg = Debug|Any CPU
		{F80BBAFC-38B2-4AA2-BDDB-AD8E03B67B13}.Debug|iPhone.Build.0 = Debug|Any CPU
		{F80BBAFC-38B2-4AA2-BDDB-AD8E03B67B13}.Debug|iPhone.Deploy.0 = Debug|Any CPU
		{F80BBAFC-38B2-4AA2-BDDB-AD8E03B67B13}.Debug|iPhoneSimulator.ActiveCfg = Debug|Any CPU
		{F80BBAFC-38B2-4AA2-BDDB-AD8E03B67B13}.Debug|iPhoneSimulator.Build.0 = Debug|Any CPU
		{F80BBAFC-38B2-4AA2-BDDB-AD8E03B67B13}.Debug|iPhoneSimulator.Deploy.0 = Debug|Any CPU
		{F80BBAFC-38B2-4AA2-BDDB-AD8E03B67B13}.Release|Any CPU.ActiveCfg = Release|Any CPU
		{F80BBAFC-38B2-4AA2-BDDB-AD8E03B67B13}.Release|Any CPU.Build.0 = Release|Any CPU
		{F80BBAFC-38B2-4AA2-BDDB-AD8E03B67B13}.Release|Any CPU.Deploy.0 = Release|Any CPU
		{F80BBAFC-38B2-4AA2-BDDB-AD8E03B67B13}.Release|iPhone.ActiveCfg = Release|Any CPU
		{F80BBAFC-38B2-4AA2-BDDB-AD8E03B67B13}.Release|iPhone.Build.0 = Release|Any CPU
		{F80BBAFC-38B2-4AA2-BDDB-AD8E03B67B13}.Release|iPhone.Deploy.0 = Release|Any CPU
		{F80BBAFC-38B2-4AA2-BDDB-AD8E03B67B13}.Release|iPhoneSimulator.ActiveCfg = Release|Any CPU
		{F80BBAFC-38B2-4AA2-BDDB-AD8E03B67B13}.Release|iPhoneSimulator.Build.0 = Release|Any CPU
		{F80BBAFC-38B2-4AA2-BDDB-AD8E03B67B13}.Release|iPhoneSimulator.Deploy.0 = Release|Any CPU
		{002FDD23-F615-43DC-B67F-6D7224E9249E}.Debug|Any CPU.ActiveCfg = Debug|iPhone
		{002FDD23-F615-43DC-B67F-6D7224E9249E}.Debug|iPhone.ActiveCfg = Debug|iPhone
		{002FDD23-F615-43DC-B67F-6D7224E9249E}.Debug|iPhone.Build.0 = Debug|iPhone
		{002FDD23-F615-43DC-B67F-6D7224E9249E}.Debug|iPhoneSimulator.ActiveCfg = Debug|iPhoneSimulator
		{002FDD23-F615-43DC-B67F-6D7224E9249E}.Debug|iPhoneSimulator.Build.0 = Debug|iPhoneSimulator
		{002FDD23-F615-43DC-B67F-6D7224E9249E}.Release|Any CPU.ActiveCfg = Release|iPhone
		{002FDD23-F615-43DC-B67F-6D7224E9249E}.Release|iPhone.ActiveCfg = Release|iPhone
		{002FDD23-F615-43DC-B67F-6D7224E9249E}.Release|iPhone.Build.0 = Release|iPhone
		{002FDD23-F615-43DC-B67F-6D7224E9249E}.Release|iPhoneSimulator.ActiveCfg = Release|iPhoneSimulator
		{002FDD23-F615-43DC-B67F-6D7224E9249E}.Release|iPhoneSimulator.Build.0 = Release|iPhoneSimulator
		{16F0CE0E-F7A2-4856-A6A1-AC22F492C42D}.Debug|Any CPU.ActiveCfg = Debug|Any CPU
		{16F0CE0E-F7A2-4856-A6A1-AC22F492C42D}.Debug|Any CPU.Build.0 = Debug|Any CPU
		{16F0CE0E-F7A2-4856-A6A1-AC22F492C42D}.Debug|iPhone.ActiveCfg = Debug|Any CPU
		{16F0CE0E-F7A2-4856-A6A1-AC22F492C42D}.Debug|iPhone.Build.0 = Debug|Any CPU
		{16F0CE0E-F7A2-4856-A6A1-AC22F492C42D}.Debug|iPhoneSimulator.ActiveCfg = Debug|Any CPU
		{16F0CE0E-F7A2-4856-A6A1-AC22F492C42D}.Debug|iPhoneSimulator.Build.0 = Debug|Any CPU
		{16F0CE0E-F7A2-4856-A6A1-AC22F492C42D}.Release|Any CPU.ActiveCfg = Release|Any CPU
		{16F0CE0E-F7A2-4856-A6A1-AC22F492C42D}.Release|Any CPU.Build.0 = Release|Any CPU
		{16F0CE0E-F7A2-4856-A6A1-AC22F492C42D}.Release|iPhone.ActiveCfg = Release|Any CPU
		{16F0CE0E-F7A2-4856-A6A1-AC22F492C42D}.Release|iPhone.Build.0 = Release|Any CPU
		{16F0CE0E-F7A2-4856-A6A1-AC22F492C42D}.Release|iPhoneSimulator.ActiveCfg = Release|Any CPU
		{16F0CE0E-F7A2-4856-A6A1-AC22F492C42D}.Release|iPhoneSimulator.Build.0 = Release|Any CPU
		{F46521B1-5EE1-4E24-9BF8-2C160CC092E0}.Debug|Any CPU.ActiveCfg = Debug|Any CPU
		{F46521B1-5EE1-4E24-9BF8-2C160CC092E0}.Debug|Any CPU.Build.0 = Debug|Any CPU
		{F46521B1-5EE1-4E24-9BF8-2C160CC092E0}.Debug|iPhone.ActiveCfg = Debug|Any CPU
		{F46521B1-5EE1-4E24-9BF8-2C160CC092E0}.Debug|iPhone.Build.0 = Debug|Any CPU
		{F46521B1-5EE1-4E24-9BF8-2C160CC092E0}.Debug|iPhoneSimulator.ActiveCfg = Debug|Any CPU
		{F46521B1-5EE1-4E24-9BF8-2C160CC092E0}.Debug|iPhoneSimulator.Build.0 = Debug|Any CPU
		{F46521B1-5EE1-4E24-9BF8-2C160CC092E0}.Release|Any CPU.ActiveCfg = Release|Any CPU
		{F46521B1-5EE1-4E24-9BF8-2C160CC092E0}.Release|Any CPU.Build.0 = Release|Any CPU
		{F46521B1-5EE1-4E24-9BF8-2C160CC092E0}.Release|iPhone.ActiveCfg = Release|Any CPU
		{F46521B1-5EE1-4E24-9BF8-2C160CC092E0}.Release|iPhone.Build.0 = Release|Any CPU
		{F46521B1-5EE1-4E24-9BF8-2C160CC092E0}.Release|iPhoneSimulator.ActiveCfg = Release|Any CPU
		{F46521B1-5EE1-4E24-9BF8-2C160CC092E0}.Release|iPhoneSimulator.Build.0 = Release|Any CPU
		{D2FB0BBE-50BF-4885-BBF5-3A5BB199E532}.Debug|Any CPU.ActiveCfg = Debug|Any CPU
		{D2FB0BBE-50BF-4885-BBF5-3A5BB199E532}.Debug|Any CPU.Build.0 = Debug|Any CPU
		{D2FB0BBE-50BF-4885-BBF5-3A5BB199E532}.Debug|Any CPU.Deploy.0 = Debug|Any CPU
		{D2FB0BBE-50BF-4885-BBF5-3A5BB199E532}.Debug|iPhone.ActiveCfg = Debug|Any CPU
		{D2FB0BBE-50BF-4885-BBF5-3A5BB199E532}.Debug|iPhone.Build.0 = Debug|Any CPU
		{D2FB0BBE-50BF-4885-BBF5-3A5BB199E532}.Debug|iPhone.Deploy.0 = Debug|Any CPU
		{D2FB0BBE-50BF-4885-BBF5-3A5BB199E532}.Debug|iPhoneSimulator.ActiveCfg = Debug|Any CPU
		{D2FB0BBE-50BF-4885-BBF5-3A5BB199E532}.Debug|iPhoneSimulator.Build.0 = Debug|Any CPU
		{D2FB0BBE-50BF-4885-BBF5-3A5BB199E532}.Debug|iPhoneSimulator.Deploy.0 = Debug|Any CPU
		{D2FB0BBE-50BF-4885-BBF5-3A5BB199E532}.Release|Any CPU.ActiveCfg = Release|Any CPU
		{D2FB0BBE-50BF-4885-BBF5-3A5BB199E532}.Release|Any CPU.Build.0 = Release|Any CPU
		{D2FB0BBE-50BF-4885-BBF5-3A5BB199E532}.Release|Any CPU.Deploy.0 = Release|Any CPU
		{D2FB0BBE-50BF-4885-BBF5-3A5BB199E532}.Release|iPhone.ActiveCfg = Release|Any CPU
		{D2FB0BBE-50BF-4885-BBF5-3A5BB199E532}.Release|iPhone.Build.0 = Release|Any CPU
		{D2FB0BBE-50BF-4885-BBF5-3A5BB199E532}.Release|iPhone.Deploy.0 = Release|Any CPU
		{D2FB0BBE-50BF-4885-BBF5-3A5BB199E532}.Release|iPhoneSimulator.ActiveCfg = Release|Any CPU
		{D2FB0BBE-50BF-4885-BBF5-3A5BB199E532}.Release|iPhoneSimulator.Build.0 = Release|Any CPU
		{D2FB0BBE-50BF-4885-BBF5-3A5BB199E532}.Release|iPhoneSimulator.Deploy.0 = Release|Any CPU
		{28256A7A-31F9-43FF-8AB2-6E2417DB2E60}.Debug|Any CPU.ActiveCfg = Debug|iPhone
		{28256A7A-31F9-43FF-8AB2-6E2417DB2E60}.Debug|iPhone.ActiveCfg = Debug|iPhone
		{28256A7A-31F9-43FF-8AB2-6E2417DB2E60}.Debug|iPhone.Build.0 = Debug|iPhone
		{28256A7A-31F9-43FF-8AB2-6E2417DB2E60}.Debug|iPhoneSimulator.ActiveCfg = Debug|iPhoneSimulator
		{28256A7A-31F9-43FF-8AB2-6E2417DB2E60}.Debug|iPhoneSimulator.Build.0 = Debug|iPhoneSimulator
		{28256A7A-31F9-43FF-8AB2-6E2417DB2E60}.Release|Any CPU.ActiveCfg = Release|iPhone
		{28256A7A-31F9-43FF-8AB2-6E2417DB2E60}.Release|iPhone.ActiveCfg = Release|iPhone
		{28256A7A-31F9-43FF-8AB2-6E2417DB2E60}.Release|iPhone.Build.0 = Release|iPhone
		{28256A7A-31F9-43FF-8AB2-6E2417DB2E60}.Release|iPhoneSimulator.ActiveCfg = Release|iPhoneSimulator
		{28256A7A-31F9-43FF-8AB2-6E2417DB2E60}.Release|iPhoneSimulator.Build.0 = Release|iPhoneSimulator
		{94440434-61C4-4348-AC47-4487B8420AB2}.Debug|Any CPU.ActiveCfg = Debug|Any CPU
		{94440434-61C4-4348-AC47-4487B8420AB2}.Debug|Any CPU.Build.0 = Debug|Any CPU
		{94440434-61C4-4348-AC47-4487B8420AB2}.Debug|Any CPU.Deploy.0 = Debug|Any CPU
		{94440434-61C4-4348-AC47-4487B8420AB2}.Debug|iPhone.ActiveCfg = Debug|Any CPU
		{94440434-61C4-4348-AC47-4487B8420AB2}.Debug|iPhone.Build.0 = Debug|Any CPU
		{94440434-61C4-4348-AC47-4487B8420AB2}.Debug|iPhone.Deploy.0 = Debug|Any CPU
		{94440434-61C4-4348-AC47-4487B8420AB2}.Debug|iPhoneSimulator.ActiveCfg = Debug|Any CPU
		{94440434-61C4-4348-AC47-4487B8420AB2}.Debug|iPhoneSimulator.Build.0 = Debug|Any CPU
		{94440434-61C4-4348-AC47-4487B8420AB2}.Debug|iPhoneSimulator.Deploy.0 = Debug|Any CPU
		{94440434-61C4-4348-AC47-4487B8420AB2}.Release|Any CPU.ActiveCfg = Release|Any CPU
		{94440434-61C4-4348-AC47-4487B8420AB2}.Release|Any CPU.Build.0 = Release|Any CPU
		{94440434-61C4-4348-AC47-4487B8420AB2}.Release|Any CPU.Deploy.0 = Release|Any CPU
		{94440434-61C4-4348-AC47-4487B8420AB2}.Release|iPhone.ActiveCfg = Release|Any CPU
		{94440434-61C4-4348-AC47-4487B8420AB2}.Release|iPhone.Build.0 = Release|Any CPU
		{94440434-61C4-4348-AC47-4487B8420AB2}.Release|iPhone.Deploy.0 = Release|Any CPU
		{94440434-61C4-4348-AC47-4487B8420AB2}.Release|iPhoneSimulator.ActiveCfg = Release|Any CPU
		{94440434-61C4-4348-AC47-4487B8420AB2}.Release|iPhoneSimulator.Build.0 = Release|Any CPU
		{94440434-61C4-4348-AC47-4487B8420AB2}.Release|iPhoneSimulator.Deploy.0 = Release|Any CPU
		{65A3DD62-EC5D-443C-A5DA-36C2D7E50B02}.Debug|Any CPU.ActiveCfg = Debug|iPhoneSimulator
		{65A3DD62-EC5D-443C-A5DA-36C2D7E50B02}.Debug|iPhone.ActiveCfg = Debug|iPhone
		{65A3DD62-EC5D-443C-A5DA-36C2D7E50B02}.Debug|iPhone.Build.0 = Debug|iPhone
		{65A3DD62-EC5D-443C-A5DA-36C2D7E50B02}.Debug|iPhoneSimulator.ActiveCfg = Debug|iPhoneSimulator
		{65A3DD62-EC5D-443C-A5DA-36C2D7E50B02}.Debug|iPhoneSimulator.Build.0 = Debug|iPhoneSimulator
		{65A3DD62-EC5D-443C-A5DA-36C2D7E50B02}.Release|Any CPU.ActiveCfg = Release|iPhoneSimulator
		{65A3DD62-EC5D-443C-A5DA-36C2D7E50B02}.Release|iPhone.ActiveCfg = Release|iPhone
		{65A3DD62-EC5D-443C-A5DA-36C2D7E50B02}.Release|iPhone.Build.0 = Release|iPhone
		{65A3DD62-EC5D-443C-A5DA-36C2D7E50B02}.Release|iPhoneSimulator.ActiveCfg = Release|iPhoneSimulator
		{65A3DD62-EC5D-443C-A5DA-36C2D7E50B02}.Release|iPhoneSimulator.Build.0 = Release|iPhoneSimulator
		{DE8A584F-C66F-44CB-B53C-34D1F616769E}.Debug|Any CPU.ActiveCfg = Debug|Any CPU
		{DE8A584F-C66F-44CB-B53C-34D1F616769E}.Debug|Any CPU.Build.0 = Debug|Any CPU
		{DE8A584F-C66F-44CB-B53C-34D1F616769E}.Debug|iPhone.ActiveCfg = Debug|Any CPU
		{DE8A584F-C66F-44CB-B53C-34D1F616769E}.Debug|iPhone.Build.0 = Debug|Any CPU
		{DE8A584F-C66F-44CB-B53C-34D1F616769E}.Debug|iPhoneSimulator.ActiveCfg = Debug|Any CPU
		{DE8A584F-C66F-44CB-B53C-34D1F616769E}.Debug|iPhoneSimulator.Build.0 = Debug|Any CPU
		{DE8A584F-C66F-44CB-B53C-34D1F616769E}.Release|Any CPU.ActiveCfg = Release|Any CPU
		{DE8A584F-C66F-44CB-B53C-34D1F616769E}.Release|Any CPU.Build.0 = Release|Any CPU
		{DE8A584F-C66F-44CB-B53C-34D1F616769E}.Release|iPhone.ActiveCfg = Release|Any CPU
		{DE8A584F-C66F-44CB-B53C-34D1F616769E}.Release|iPhone.Build.0 = Release|Any CPU
		{DE8A584F-C66F-44CB-B53C-34D1F616769E}.Release|iPhoneSimulator.ActiveCfg = Release|Any CPU
		{DE8A584F-C66F-44CB-B53C-34D1F616769E}.Release|iPhoneSimulator.Build.0 = Release|Any CPU
	EndGlobalSection
	GlobalSection(SolutionProperties) = preSolution
		HideSolutionNode = FALSE
	EndGlobalSection
	GlobalSection(NestedProjects) = preSolution
		{F80BBAFC-38B2-4AA2-BDDB-AD8E03B67B13} = {36BCB6C6-AF67-4304-8B76-2FD88C1D39F6}
		{002FDD23-F615-43DC-B67F-6D7224E9249E} = {36BCB6C6-AF67-4304-8B76-2FD88C1D39F6}
		{16F0CE0E-F7A2-4856-A6A1-AC22F492C42D} = {36BCB6C6-AF67-4304-8B76-2FD88C1D39F6}
		{F46521B1-5EE1-4E24-9BF8-2C160CC092E0} = {A5AD2196-CDB2-4380-A4A6-5A19B602D63C}
		{D2FB0BBE-50BF-4885-BBF5-3A5BB199E532} = {A5AD2196-CDB2-4380-A4A6-5A19B602D63C}
		{28256A7A-31F9-43FF-8AB2-6E2417DB2E60} = {A5AD2196-CDB2-4380-A4A6-5A19B602D63C}
	EndGlobalSection
	GlobalSection(ExtensibilityGlobals) = postSolution
		SolutionGuid = {9F7E9B29-4523-4356-96A6-940A1AD41B3E}
	EndGlobalSection
EndGlobal
